
Microsoft Visual Studio Solution File, Format Version 12.00
# Visual Studio Version 16
VisualStudioVersion = 16.0.32602.291
MinimumVisualStudioVersion = 10.0.40219.1
Project("{FAE04EC0-301F-11D3-BF4B-00C04F79EFBC}") = "HomeWorkL2(1)(2)(3)(4)", "HomeWorkL2(1)(2)(3)(4)\HomeWorkL2(1)(2)(3)(4).csproj", "{35ABC146-1293-4B5A-A376-9A0C84D02983}"
EndProject
Project("{FAE04EC0-301F-11D3-BF4B-00C04F79EFBC}") = "W2", "W2\W2.csproj", "{E0CA9297-2B00-4BBB-9E69-6CE7931503B2}"
EndProject
Project("{FAE04EC0-301F-11D3-BF4B-00C04F79EFBC}") = "W3", "W3\W3.csproj", "{B9B5CD26-29C9-4B6F-A1C1-6F94A0A7748B}"
EndProject
Project("{FAE04EC0-301F-11D3-BF4B-00C04F79EFBC}") = "W4", "W4\W4.csproj", "{B7F83EB9-D629-4978-B5CE-A93F56F9C96B}"
EndProject
Global
	GlobalSection(SolutionConfigurationPlatforms) = preSolution
		Debug|Any CPU = Debug|Any CPU
		Release|Any CPU = Release|Any CPU
	EndGlobalSection
	GlobalSection(ProjectConfigurationPlatforms) = postSolution
		{35ABC146-1293-4B5A-A376-9A0C84D02983}.Debug|Any CPU.ActiveCfg = Debug|Any CPU
		{35ABC146-1293-4B5A-A376-9A0C84D02983}.Debug|Any CPU.Build.0 = Debug|Any CPU
		{35ABC146-1293-4B5A-A376-9A0C84D02983}.Release|Any CPU.ActiveCfg = Release|Any CPU
		{35ABC146-1293-4B5A-A376-9A0C84D02983}.Release|Any CPU.Build.0 = Release|Any CPU
		{E0CA9297-2B00-4BBB-9E69-6CE7931503B2}.Debug|Any CPU.ActiveCfg = Debug|Any CPU
		{E0CA9297-2B00-4BBB-9E69-6CE7931503B2}.Debug|Any CPU.Build.0 = Debug|Any CPU
		{E0CA9297-2B00-4BBB-9E69-6CE7931503B2}.Release|Any CPU.ActiveCfg = Release|Any CPU
		{E0CA9297-2B00-4BBB-9E69-6CE7931503B2}.Release|Any CPU.Build.0 = Release|Any CPU
		{B9B5CD26-29C9-4B6F-A1C1-6F94A0A7748B}.Debug|Any CPU.ActiveCfg = Debug|Any CPU
		{B9B5CD26-29C9-4B6F-A1C1-6F94A0A7748B}.Debug|Any CPU.Build.0 = Debug|Any CPU
		{B9B5CD26-29C9-4B6F-A1C1-6F94A0A7748B}.Release|Any CPU.ActiveCfg = Release|Any CPU
		{B9B5CD26-29C9-4B6F-A1C1-6F94A0A7748B}.Release|Any CPU.Build.0 = Release|Any CPU
		{B7F83EB9-D629-4978-B5CE-A93F56F9C96B}.Debug|Any CPU.ActiveCfg = Debug|Any CPU
		{B7F83EB9-D629-4978-B5CE-A93F56F9C96B}.Debug|Any CPU.Build.0 = Debug|Any CPU
		{B7F83EB9-D629-4978-B5CE-A93F56F9C96B}.Release|Any CPU.ActiveCfg = Release|Any CPU
		{B7F83EB9-D629-4978-B5CE-A93F56F9C96B}.Release|Any CPU.Build.0 = Release|Any CPU
	EndGlobalSection
	GlobalSection(SolutionProperties) = preSolution
		HideSolutionNode = FALSE
	EndGlobalSection
	GlobalSection(ExtensibilityGlobals) = postSolution
		SolutionGuid = {EBD81A4A-F4FD-42D9-A7FC-D05AB24EE047}
	EndGlobalSection
EndGlobal
